{
    "_meta": {
        "hash": {
            "sha256": "af9663a630c37f06dfe3793e50f12f05b86db5312caa63a48eaf696a78f6dc33"
        },
        "pipfile-spec": 6,
        "requires": {
            "python_version": "3.10"
        },
        "sources": [
            {
                "name": "pypi",
                "url": "https://pypi.org/simple",
                "verify_ssl": true
            }
        ]
    },
    "default": {
        "chardet": {
            "hashes": [
                "sha256:0d6f53a15db4120f2b08c94f11e7d93d2c911ee118b6b30a04ec3ee8310179fa",
                "sha256:f864054d66fd9118f2e67044ac8981a54775ec5b67aed0441892edb553d21da5"
            ],
            "index": "pypi",
            "version": "==4.0.0"
        }
    },
    "develop": {}
}
